
Microsoft Visual Studio Solution File, Format Version 12.00
Project("{FAE04EC0-301F-11D3-BF4B-00C04F79EFBC}") = "ContestOfSharp", "ContestOfSharp\ContestOfSharp.csproj", "{785FF845-33B0-411E-BC54-DCDD95917833}"
EndProject
Project("{FAE04EC0-301F-11D3-BF4B-00C04F79EFBC}") = "TestOfSharp", "TestOfSharp\TestOfSharp.csproj", "{FF754615-B8BA-4A14-A528-08C04E9672B0}"
EndProject
Global
	GlobalSection(SolutionConfigurationPlatforms) = preSolution
		Debug|Any CPU = Debug|Any CPU
		Release|Any CPU = Release|Any CPU
	EndGlobalSection
	GlobalSection(ProjectConfigurationPlatforms) = postSolution
		{785FF845-33B0-411E-BC54-DCDD95917833}.Debug|Any CPU.ActiveCfg = Debug|Any CPU
		{785FF845-33B0-411E-BC54-DCDD95917833}.Debug|Any CPU.Build.0 = Debug|Any CPU
		{785FF845-33B0-411E-BC54-DCDD95917833}.Release|Any CPU.ActiveCfg = Release|Any CPU
		{785FF845-33B0-411E-BC54-DCDD95917833}.Release|Any CPU.Build.0 = Release|Any CPU
		{FF754615-B8BA-4A14-A528-08C04E9672B0}.Debug|Any CPU.ActiveCfg = Debug|Any CPU
		{FF754615-B8BA-4A14-A528-08C04E9672B0}.Debug|Any CPU.Build.0 = Debug|Any CPU
		{FF754615-B8BA-4A14-A528-08C04E9672B0}.Release|Any CPU.ActiveCfg = Release|Any CPU
		{FF754615-B8BA-4A14-A528-08C04E9672B0}.Release|Any CPU.Build.0 = Release|Any CPU
	EndGlobalSection
EndGlobal
