// !$*UTF8*$!
{
	archiveVersion = 1;
	classes = {
	};
	objectVersion = 56;
	objects = {

/* Begin PBXBuildFile section */
		2BFF639B2BD863BC00035959 /* main.swift in Sources */ = {isa = PBXBuildFile; fileRef = 2BFF639A2BD863BC00035959 /* main.swift */; };
		2BFF63A82BD863E100035959 /* TestsOfSwift.swift in Sources */ = {isa = PBXBuildFile; fileRef = 2BFF63A72BD863E100035959 /* TestsOfSwift.swift */; };
		2BFF63B02BD864C200035959 /* Challenge1.swift in Sources */ = {isa = PBXBuildFile; fileRef = 2BFF63AF2BD864C200035959 /* Challenge1.swift */; };
		2BFF63B32BD8650400035959 /* Challenge1Tests.swift in Sources */ = {isa = PBXBuildFile; fileRef = 2BFF63B22BD8650400035959 /* Challenge1Tests.swift */; };
		2BFF63B62BD874C700035959 /* Challenge1.swift in Sources */ = {isa = PBXBuildFile; fileRef = 2BFF63AF2BD864C200035959 /* Challenge1.swift */; };
		2BFF63B82BD8896D00035959 /* Challenge2.swift in Sources */ = {isa = PBXBuildFile; fileRef = 2BFF63B72BD8896D00035959 /* Challenge2.swift */; };
		2BFF63BA2BD8898300035959 /* Challenge2Tests.swift in Sources */ = {isa = PBXBuildFile; fileRef = 2BFF63B92BD8898300035959 /* Challenge2Tests.swift */; };
		2BFF63BB2BD8898D00035959 /* Challenge2.swift in Sources */ = {isa = PBXBuildFile; fileRef = 2BFF63B72BD8896D00035959 /* Challenge2.swift */; };
		2BFF63BD2BD9586100035959 /* Challenge3.swift in Sources */ = {isa = PBXBuildFile; fileRef = 2BFF63BC2BD9586100035959 /* Challenge3.swift */; };
		2BFF63BF2BD958AD00035959 /* Challenge3Tests.swift in Sources */ = {isa = PBXBuildFile; fileRef = 2BFF63BE2BD958AD00035959 /* Challenge3Tests.swift */; };
		2BFF63C02BD958B600035959 /* Challenge3.swift in Sources */ = {isa = PBXBuildFile; fileRef = 2BFF63BC2BD9586100035959 /* Challenge3.swift */; };
/* End PBXBuildFile section */

/* Begin PBXContainerItemProxy section */
		2BFF63B42BD86B0500035959 /* PBXContainerItemProxy */ = {
			isa = PBXContainerItemProxy;
			containerPortal = 2BFF638F2BD863BC00035959 /* Project object */;
			proxyType = 1;
			remoteGlobalIDString = 2BFF63962BD863BC00035959;
			remoteInfo = ContestOfSwift;
		};
/* End PBXContainerItemProxy section */

/* Begin PBXCopyFilesBuildPhase section */
		2BFF63952BD863BC00035959 /* CopyFiles */ = {
			isa = PBXCopyFilesBuildPhase;
			buildActionMask = 2147483647;
			dstPath = /usr/share/man/man1/;
			dstSubfolderSpec = 0;
			files = (
			);
			runOnlyForDeploymentPostprocessing = 1;
		};
/* End PBXCopyFilesBuildPhase section */

/* Begin PBXFileReference section */
		2BFF63972BD863BC00035959 /* ContestOfSwift */ = {isa = PBXFileReference; explicitFileType = "compiled.mach-o.executable"; includeInIndex = 0; path = ContestOfSwift; sourceTree = BUILT_PRODUCTS_DIR; };
		2BFF639A2BD863BC00035959 /* main.swift */ = {isa = PBXFileReference; lastKnownFileType = sourcecode.swift; path = main.swift; sourceTree = "<group>"; };
		2BFF63A52BD863E100035959 /* TestsOfSwift.xctest */ = {isa = PBXFileReference; explicitFileType = wrapper.cfbundle; includeInIndex = 0; path = TestsOfSwift.xctest; sourceTree = BUILT_PRODUCTS_DIR; };
		2BFF63A72BD863E100035959 /* TestsOfSwift.swift */ = {isa = PBXFileReference; lastKnownFileType = sourcecode.swift; path = TestsOfSwift.swift; sourceTree = "<group>"; };
		2BFF63AF2BD864C200035959 /* Challenge1.swift */ = {isa = PBXFileReference; lastKnownFileType = sourcecode.swift; path = Challenge1.swift; sourceTree = "<group>"; };
		2BFF63B22BD8650400035959 /* Challenge1Tests.swift */ = {isa = PBXFileReference; lastKnownFileType = sourcecode.swift; path = Challenge1Tests.swift; sourceTree = "<group>"; };
		2BFF63B72BD8896D00035959 /* Challenge2.swift */ = {isa = PBXFileReference; lastKnownFileType = sourcecode.swift; path = Challenge2.swift; sourceTree = "<group>"; };
		2BFF63B92BD8898300035959 /* Challenge2Tests.swift */ = {isa = PBXFileReference; lastKnownFileType = sourcecode.swift; path = Challenge2Tests.swift; sourceTree = "<group>"; };
		2BFF63BC2BD9586100035959 /* Challenge3.swift */ = {isa = PBXFileReference; lastKnownFileType = sourcecode.swift; path = Challenge3.swift; sourceTree = "<group>"; };
		2BFF63BE2BD958AD00035959 /* Challenge3Tests.swift */ = {isa = PBXFileReference; lastKnownFileType = sourcecode.swift; path = Challenge3Tests.swift; sourceTree = "<group>"; };
/* End PBXFileReference section */

/* Begin PBXFrameworksBuildPhase section */
		2BFF63942BD863BC00035959 /* Frameworks */ = {
			isa = PBXFrameworksBuildPhase;
			buildActionMask = 2147483647;
			files = (
			);
			runOnlyForDeploymentPostprocessing = 0;
		};
		2BFF63A22BD863E100035959 /* Frameworks */ = {
			isa = PBXFrameworksBuildPhase;
			buildActionMask = 2147483647;
			files = (
			);
			runOnlyForDeploymentPostprocessing = 0;
		};
/* End PBXFrameworksBuildPhase section */

/* Begin PBXGroup section */
		2BFF638E2BD863BC00035959 = {
			isa = PBXGroup;
			children = (
				2BFF63992BD863BC00035959 /* ContestOfSwift */,
				2BFF63A62BD863E100035959 /* TestsOfSwift */,
				2BFF63982BD863BC00035959 /* Products */,
			);
			sourceTree = "<group>";
		};
		2BFF63982BD863BC00035959 /* Products */ = {
			isa = PBXGroup;
			children = (
				2BFF63972BD863BC00035959 /* ContestOfSwift */,
				2BFF63A52BD863E100035959 /* TestsOfSwift.xctest */,
			);
			name = Products;
			sourceTree = "<group>";
		};
		2BFF63992BD863BC00035959 /* ContestOfSwift */ = {
			isa = PBXGroup;
			children = (
				2BFF639A2BD863BC00035959 /* main.swift */,
				2BFF63AE2BD8649A00035959 /* Challenges */,
			);
			path = ContestOfSwift;
			sourceTree = "<group>";
		};
		2BFF63A62BD863E100035959 /* TestsOfSwift */ = {
			isa = PBXGroup;
			children = (
				2BFF63A72BD863E100035959 /* TestsOfSwift.swift */,
				2BFF63B12BD864E200035959 /* Challenges */,
			);
			path = TestsOfSwift;
			sourceTree = "<group>";
		};
		2BFF63AE2BD8649A00035959 /* Challenges */ = {
			isa = PBXGroup;
			children = (
				2BFF63AF2BD864C200035959 /* Challenge1.swift */,
				2BFF63B72BD8896D00035959 /* Challenge2.swift */,
				2BFF63BC2BD9586100035959 /* Challenge3.swift */,
			);
			path = Challenges;
			sourceTree = "<group>";
		};
		2BFF63B12BD864E200035959 /* Challenges */ = {
			isa = PBXGroup;
			children = (
				2BFF63B22BD8650400035959 /* Challenge1Tests.swift */,
				2BFF63B92BD8898300035959 /* Challenge2Tests.swift */,
				2BFF63BE2BD958AD00035959 /* Challenge3Tests.swift */,
			);
			path = Challenges;
			sourceTree = "<group>";
		};
/* End PBXGroup section */

/* Begin PBXNativeTarget section */
		2BFF63962BD863BC00035959 /* ContestOfSwift */ = {
			isa = PBXNativeTarget;
			buildConfigurationList = 2BFF639E2BD863BC00035959 /* Build configuration list for PBXNativeTarget "ContestOfSwift" */;
			buildPhases = (
				2BFF63932BD863BC00035959 /* Sources */,
				2BFF63942BD863BC00035959 /* Frameworks */,
				2BFF63952BD863BC00035959 /* CopyFiles */,
			);
			buildRules = (
			);
			dependencies = (
			);
			name = ContestOfSwift;
			productName = ContestOfSwift;
			productReference = 2BFF63972BD863BC00035959 /* ContestOfSwift */;
			productType = "com.apple.product-type.tool";
		};
		2BFF63A42BD863E100035959 /* TestsOfSwift */ = {
			isa = PBXNativeTarget;
			buildConfigurationList = 2BFF63A92BD863E100035959 /* Build configuration list for PBXNativeTarget "TestsOfSwift" */;
			buildPhases = (
				2BFF63A12BD863E100035959 /* Sources */,
				2BFF63A22BD863E100035959 /* Frameworks */,
				2BFF63A32BD863E100035959 /* Resources */,
			);
			buildRules = (
			);
			dependencies = (
				2BFF63B52BD86B0500035959 /* PBXTargetDependency */,
			);
			name = TestsOfSwift;
			productName = TestsOfSwift;
			productReference = 2BFF63A52BD863E100035959 /* TestsOfSwift.xctest */;
			productType = "com.apple.product-type.bundle.unit-test";
		};
/* End PBXNativeTarget section */

/* Begin PBXProject section */
		2BFF638F2BD863BC00035959 /* Project object */ = {
			isa = PBXProject;
			attributes = {
				BuildIndependentTargetsInParallel = 1;
				LastSwiftUpdateCheck = 1530;
				LastUpgradeCheck = 1530;
				TargetAttributes = {
					2BFF63962BD863BC00035959 = {
						CreatedOnToolsVersion = 15.3;
					};
					2BFF63A42BD863E100035959 = {
						CreatedOnToolsVersion = 15.3;
					};
				};
			};
			buildConfigurationList = 2BFF63922BD863BC00035959 /* Build configuration list for PBXProject "ContestOfSwift" */;
			compatibilityVersion = "Xcode 14.0";
			developmentRegion = en;
			hasScannedForEncodings = 0;
			knownRegions = (
				en,
				Base,
			);
			mainGroup = 2BFF638E2BD863BC00035959;
			productRefGroup = 2BFF63982BD863BC00035959 /* Products */;
			projectDirPath = "";
			projectRoot = "";
			targets = (
				2BFF63962BD863BC00035959 /* ContestOfSwift */,
				2BFF63A42BD863E100035959 /* TestsOfSwift */,
			);
		};
/* End PBXProject section */

/* Begin PBXResourcesBuildPhase section */
		2BFF63A32BD863E100035959 /* Resources */ = {
			isa = PBXResourcesBuildPhase;
			buildActionMask = 2147483647;
			files = (
			);
			runOnlyForDeploymentPostprocessing = 0;
		};
/* End PBXResourcesBuildPhase section */

/* Begin PBXSourcesBuildPhase section */
		2BFF63932BD863BC00035959 /* Sources */ = {
			isa = PBXSourcesBuildPhase;
			buildActionMask = 2147483647;
			files = (
				2BFF63B82BD8896D00035959 /* Challenge2.swift in Sources */,
				2BFF63BD2BD9586100035959 /* Challenge3.swift in Sources */,
				2BFF639B2BD863BC00035959 /* main.swift in Sources */,
				2BFF63B02BD864C200035959 /* Challenge1.swift in Sources */,
			);
			runOnlyForDeploymentPostprocessing = 0;
		};
		2BFF63A12BD863E100035959 /* Sources */ = {
			isa = PBXSourcesBuildPhase;
			buildActionMask = 2147483647;
			files = (
				2BFF63BA2BD8898300035959 /* Challenge2Tests.swift in Sources */,
				2BFF63BF2BD958AD00035959 /* Challenge3Tests.swift in Sources */,
				2BFF63B62BD874C700035959 /* Challenge1.swift in Sources */,
				2BFF63C02BD958B600035959 /* Challenge3.swift in Sources */,
				2BFF63A82BD863E100035959 /* TestsOfSwift.swift in Sources */,
				2BFF63BB2BD8898D00035959 /* Challenge2.swift in Sources */,
				2BFF63B32BD8650400035959 /* Challenge1Tests.swift in Sources */,
			);
			runOnlyForDeploymentPostprocessing = 0;
		};
/* End PBXSourcesBuildPhase section */

/* Begin PBXTargetDependency section */
		2BFF63B52BD86B0500035959 /* PBXTargetDependency */ = {
			isa = PBXTargetDependency;
			target = 2BFF63962BD863BC00035959 /* ContestOfSwift */;
			targetProxy = 2BFF63B42BD86B0500035959 /* PBXContainerItemProxy */;
		};
/* End PBXTargetDependency section */

/* Begin XCBuildConfiguration section */
		2BFF639C2BD863BC00035959 /* Debug */ = {
			isa = XCBuildConfiguration;
			buildSettings = {
				ALWAYS_SEARCH_USER_PATHS = NO;
				ASSETCATALOG_COMPILER_GENERATE_SWIFT_ASSET_SYMBOL_EXTENSIONS = YES;
				CLANG_ANALYZER_NONNULL = YES;
				CLANG_ANALYZER_NUMBER_OBJECT_CONVERSION = YES_AGGRESSIVE;
				CLANG_CXX_LANGUAGE_STANDARD = "gnu++20";
				CLANG_ENABLE_MODULES = YES;
				CLANG_ENABLE_OBJC_ARC = YES;
				CLANG_ENABLE_OBJC_WEAK = YES;
				CLANG_WARN_BLOCK_CAPTURE_AUTORELEASING = YES;
				CLANG_WARN_BOOL_CONVERSION = YES;
				CLANG_WARN_COMMA = YES;
				CLANG_WARN_CONSTANT_CONVERSION = YES;
				CLANG_WARN_DEPRECATED_OBJC_IMPLEMENTATIONS = YES;
				CLANG_WARN_DIRECT_OBJC_ISA_USAGE = YES_ERROR;
				CLANG_WARN_DOCUMENTATION_COMMENTS = YES;
				CLANG_WARN_EMPTY_BODY = YES;
				CLANG_WARN_ENUM_CONVERSION = YES;
				CLANG_WARN_INFINITE_RECURSION = YES;
				CLANG_WARN_INT_CONVERSION = YES;
				CLANG_WARN_NON_LITERAL_NULL_CONVERSION = YES;
				CLANG_WARN_OBJC_IMPLICIT_RETAIN_SELF = YES;
				CLANG_WARN_OBJC_LITERAL_CONVERSION = YES;
				CLANG_WARN_OBJC_ROOT_CLASS = YES_ERROR;
				CLANG_WARN_QUOTED_INCLUDE_IN_FRAMEWORK_HEADER = YES;
				CLANG_WARN_RANGE_LOOP_ANALYSIS = YES;
				CLANG_WARN_STRICT_PROTOTYPES = YES;
				CLANG_WARN_SUSPICIOUS_MOVE = YES;
				CLANG_WARN_UNGUARDED_AVAILABILITY = YES_AGGRESSIVE;
				CLANG_WARN_UNREACHABLE_CODE = YES;
				CLANG_WARN__DUPLICATE_METHOD_MATCH = YES;
				COPY_PHASE_STRIP = NO;
				DEBUG_INFORMATION_FORMAT = dwarf;
				ENABLE_STRICT_OBJC_MSGSEND = YES;
				ENABLE_TESTABILITY = YES;
				ENABLE_USER_SCRIPT_SANDBOXING = YES;
				GCC_C_LANGUAGE_STANDARD = gnu17;
				GCC_DYNAMIC_NO_PIC = NO;
				GCC_NO_COMMON_BLOCKS = YES;
				GCC_OPTIMIZATION_LEVEL = 0;
				GCC_PREPROCESSOR_DEFINITIONS = (
					"DEBUG=1",
					"$(inherited)",
				);
				GCC_WARN_64_TO_32_BIT_CONVERSION = YES;
				GCC_WARN_ABOUT_RETURN_TYPE = YES_ERROR;
				GCC_WARN_UNDECLARED_SELECTOR = YES;
				GCC_WARN_UNINITIALIZED_AUTOS = YES_AGGRESSIVE;
				GCC_WARN_UNUSED_FUNCTION = YES;
				GCC_WARN_UNUSED_VARIABLE = YES;
				LOCALIZATION_PREFERS_STRING_CATALOGS = YES;
				MACOSX_DEPLOYMENT_TARGET = 14.4;
				MTL_ENABLE_DEBUG_INFO = INCLUDE_SOURCE;
				MTL_FAST_MATH = YES;
				ONLY_ACTIVE_ARCH = YES;
				SDKROOT = macosx;
				SWIFT_ACTIVE_COMPILATION_CONDITIONS = "DEBUG $(inherited)";
				SWIFT_OPTIMIZATION_LEVEL = "-Onone";
			};
			name = Debug;
		};
		2BFF639D2BD863BC00035959 /* Release */ = {
			isa = XCBuildConfiguration;
			buildSettings = {
				ALWAYS_SEARCH_USER_PATHS = NO;
				ASSETCATALOG_COMPILER_GENERATE_SWIFT_ASSET_SYMBOL_EXTENSIONS = YES;
				CLANG_ANALYZER_NONNULL = YES;
				CLANG_ANALYZER_NUMBER_OBJECT_CONVERSION = YES_AGGRESSIVE;
				CLANG_CXX_LANGUAGE_STANDARD = "gnu++20";
				CLANG_ENABLE_MODULES = YES;
				CLANG_ENABLE_OBJC_ARC = YES;
				CLANG_ENABLE_OBJC_WEAK = YES;
				CLANG_WARN_BLOCK_CAPTURE_AUTORELEASING = YES;
				CLANG_WARN_BOOL_CONVERSION = YES;
				CLANG_WARN_COMMA = YES;
				CLANG_WARN_CONSTANT_CONVERSION = YES;
				CLANG_WARN_DEPRECATED_OBJC_IMPLEMENTATIONS = YES;
				CLANG_WARN_DIRECT_OBJC_ISA_USAGE = YES_ERROR;
				CLANG_WARN_DOCUMENTATION_COMMENTS = YES;
				CLANG_WARN_EMPTY_BODY = YES;
				CLANG_WARN_ENUM_CONVERSION = YES;
				CLANG_WARN_INFINITE_RECURSION = YES;
				CLANG_WARN_INT_CONVERSION = YES;
				CLANG_WARN_NON_LITERAL_NULL_CONVERSION = YES;
				CLANG_WARN_OBJC_IMPLICIT_RETAIN_SELF = YES;
				CLANG_WARN_OBJC_LITERAL_CONVERSION = YES;
				CLANG_WARN_OBJC_ROOT_CLASS = YES_ERROR;
				CLANG_WARN_QUOTED_INCLUDE_IN_FRAMEWORK_HEADER = YES;
				CLANG_WARN_RANGE_LOOP_ANALYSIS = YES;
				CLANG_WARN_STRICT_PROTOTYPES = YES;
				CLANG_WARN_SUSPICIOUS_MOVE = YES;
				CLANG_WARN_UNGUARDED_AVAILABILITY = YES_AGGRESSIVE;
				CLANG_WARN_UNREACHABLE_CODE = YES;
				CLANG_WARN__DUPLICATE_METHOD_MATCH = YES;
				COPY_PHASE_STRIP = NO;
				DEBUG_INFORMATION_FORMAT = "dwarf-with-dsym";
				ENABLE_NS_ASSERTIONS = NO;
				ENABLE_STRICT_OBJC_MSGSEND = YES;
				ENABLE_USER_SCRIPT_SANDBOXING = YES;
				GCC_C_LANGUAGE_STANDARD = gnu17;
				GCC_NO_COMMON_BLOCKS = YES;
				GCC_WARN_64_TO_32_BIT_CONVERSION = YES;
				GCC_WARN_ABOUT_RETURN_TYPE = YES_ERROR;
				GCC_WARN_UNDECLARED_SELECTOR = YES;
				GCC_WARN_UNINITIALIZED_AUTOS = YES_AGGRESSIVE;
				GCC_WARN_UNUSED_FUNCTION = YES;
				GCC_WARN_UNUSED_VARIABLE = YES;
				LOCALIZATION_PREFERS_STRING_CATALOGS = YES;
				MACOSX_DEPLOYMENT_TARGET = 14.4;
				MTL_ENABLE_DEBUG_INFO = NO;
				MTL_FAST_MATH = YES;
				SDKROOT = macosx;
				SWIFT_COMPILATION_MODE = wholemodule;
			};
			name = Release;
		};
		2BFF639F2BD863BC00035959 /* Debug */ = {
			isa = XCBuildConfiguration;
			buildSettings = {
				CODE_SIGN_STYLE = Automatic;
				DEPLOYMENT_LOCATION = YES;
				DEVELOPMENT_TEAM = AQUE4FE98B;
				ENABLE_HARDENED_RUNTIME = YES;
				GCC_SYMBOLS_PRIVATE_EXTERN = NO;
				PRODUCT_NAME = "$(TARGET_NAME)";
				SWIFT_VERSION = 5.0;
			};
			name = Debug;
		};
		2BFF63A02BD863BC00035959 /* Release */ = {
			isa = XCBuildConfiguration;
			buildSettings = {
				CODE_SIGN_STYLE = Automatic;
				DEPLOYMENT_LOCATION = YES;
				DEVELOPMENT_TEAM = AQUE4FE98B;
				ENABLE_HARDENED_RUNTIME = YES;
				GCC_SYMBOLS_PRIVATE_EXTERN = NO;
				PRODUCT_NAME = "$(TARGET_NAME)";
				SWIFT_VERSION = 5.0;
			};
			name = Release;
		};
		2BFF63AA2BD863E100035959 /* Debug */ = {
			isa = XCBuildConfiguration;
			buildSettings = {
				CODE_SIGN_STYLE = Automatic;
				CURRENT_PROJECT_VERSION = 1;
				DEVELOPMENT_TEAM = AQUE4FE98B;
				GENERATE_INFOPLIST_FILE = YES;
				MARKETING_VERSION = 1.0;
				PRODUCT_BUNDLE_IDENTIFIER = io.zheref.TestsOfSwift;
				PRODUCT_NAME = "$(TARGET_NAME)";
				SWIFT_EMIT_LOC_STRINGS = NO;
				SWIFT_VERSION = 5.0;
			};
			name = Debug;
		};
		2BFF63AB2BD863E100035959 /* Release */ = {
			isa = XCBuildConfiguration;
			buildSettings = {
				CODE_SIGN_STYLE = Automatic;
				CURRENT_PROJECT_VERSION = 1;
				DEVELOPMENT_TEAM = AQUE4FE98B;
				GENERATE_INFOPLIST_FILE = YES;
				MARKETING_VERSION = 1.0;
				PRODUCT_BUNDLE_IDENTIFIER = io.zheref.TestsOfSwift;
				PRODUCT_NAME = "$(TARGET_NAME)";
				SWIFT_EMIT_LOC_STRINGS = NO;
				SWIFT_VERSION = 5.0;
			};
			name = Release;
		};
/* End XCBuildConfiguration section */

/* Begin XCConfigurationList section */
		2BFF63922BD863BC00035959 /* Build configuration list for PBXProject "ContestOfSwift" */ = {
			isa = XCConfigurationList;
			buildConfigurations = (
				2BFF639C2BD863BC00035959 /* Debug */,
				2BFF639D2BD863BC00035959 /* Release */,
			);
			defaultConfigurationIsVisible = 0;
			defaultConfigurationName = Release;
		};
		2BFF639E2BD863BC00035959 /* Build configuration list for PBXNativeTarget "ContestOfSwift" */ = {
			isa = XCConfigurationList;
			buildConfigurations = (
				2BFF639F2BD863BC00035959 /* Debug */,
				2BFF63A02BD863BC00035959 /* Release */,
			);
			defaultConfigurationIsVisible = 0;
			defaultConfigurationName = Release;
		};
		2BFF63A92BD863E100035959 /* Build configuration list for PBXNativeTarget "TestsOfSwift" */ = {
			isa = XCConfigurationList;
			buildConfigurations = (
				2BFF63AA2BD863E100035959 /* Debug */,
				2BFF63AB2BD863E100035959 /* Release */,
			);
			defaultConfigurationIsVisible = 0;
			defaultConfigurationName = Release;
		};
/* End XCConfigurationList section */
	};
	rootObject = 2BFF638F2BD863BC00035959 /* Project object */;
}
